Microsoft Visual Studio Solution File, Format Version 12.00
# Visual Studio 2012
Project("{FAE04EC0-301F-11D3-BF4B-00C04F79EFBC}") = "Veggie Game", "Veggie Game.csproj", "{2DF2B9A2-E2F7-4B37-8631-B229D5DEFEC3}"
EndProject
Global
	GlobalSection(SolutionConfigurationPlatforms) = preSolution
	Debug|Any CPU = Debug|Any CPU
	ExportDebug|Any CPU = ExportDebug|Any CPU
	ExportRelease|Any CPU = ExportRelease|Any CPU
	EndGlobalSection
	GlobalSection(ProjectConfigurationPlatforms) = postSolution
		{2DF2B9A2-E2F7-4B37-8631-B229D5DEFEC3}.Debug|Any CPU.ActiveCfg = Debug|Any CPU
		{2DF2B9A2-E2F7-4B37-8631-B229D5DEFEC3}.Debug|Any CPU.Build.0 = Debug|Any CPU
		{2DF2B9A2-E2F7-4B37-8631-B229D5DEFEC3}.ExportDebug|Any CPU.ActiveCfg = ExportDebug|Any CPU
		{2DF2B9A2-E2F7-4B37-8631-B229D5DEFEC3}.ExportDebug|Any CPU.Build.0 = ExportDebug|Any CPU
		{2DF2B9A2-E2F7-4B37-8631-B229D5DEFEC3}.ExportRelease|Any CPU.ActiveCfg = ExportRelease|Any CPU
		{2DF2B9A2-E2F7-4B37-8631-B229D5DEFEC3}.ExportRelease|Any CPU.Build.0 = ExportRelease|Any CPU
	EndGlobalSection
EndGlobal
